// !$*UTF8*$!
{
	archiveVersion = 1;
	classes = {
	};
	objectVersion = 56;
	objects = {

/* Begin PBXBuildFile section */
		0D8B86EE2A7615CD009FB1AD /* AnimalsPlusApp.swift in Sources */ = {isa = PBXBuildFile; fileRef = 0D8B86ED2A7615CD009FB1AD /* AnimalsPlusApp.swift */; };
		0D8B86F02A7615CD009FB1AD /* ContentView.swift in Sources */ = {isa = PBXBuildFile; fileRef = 0D8B86EF2A7615CD009FB1AD /* ContentView.swift */; };
		0D8B86F22A7615CE009FB1AD /* Assets.xcassets in Resources */ = {isa = PBXBuildFile; fileRef = 0D8B86F12A7615CE009FB1AD /* Assets.xcassets */; };
		0D8B86F52A7615CE009FB1AD /* Preview Assets.xcassets in Resources */ = {isa = PBXBuildFile; fileRef = 0D8B86F42A7615CE009FB1AD /* Preview Assets.xcassets */; };
		0D8B87062A76179C009FB1AD /* rhino.mp4 in Resources */ = {isa = PBXBuildFile; fileRef = 0D8B86FC2A76179C009FB1AD /* rhino.mp4 */; };
		0D8B87072A76179C009FB1AD /* cheetah.mp4 in Resources */ = {isa = PBXBuildFile; fileRef = 0D8B86FD2A76179C009FB1AD /* cheetah.mp4 */; };
		0D8B87082A76179C009FB1AD /* lion.mp4 in Resources */ = {isa = PBXBuildFile; fileRef = 0D8B86FE2A76179C009FB1AD /* lion.mp4 */; };
		0D8B87092A76179C009FB1AD /* elephant.mp4 in Resources */ = {isa = PBXBuildFile; fileRef = 0D8B86FF2A76179C009FB1AD /* elephant.mp4 */; };
		0D8B870A2A76179C009FB1AD /* hippo.mp4 in Resources */ = {isa = PBXBuildFile; fileRef = 0D8B87002A76179C009FB1AD /* hippo.mp4 */; };
		0D8B870B2A76179C009FB1AD /* lioness.mp4 in Resources */ = {isa = PBXBuildFile; fileRef = 0D8B87012A76179C009FB1AD /* lioness.mp4 */; };
		0D8B870C2A76179C009FB1AD /* zebra.mp4 in Resources */ = {isa = PBXBuildFile; fileRef = 0D8B87022A76179C009FB1AD /* zebra.mp4 */; };
		0D8B870D2A76179C009FB1AD /* gorilla.mp4 in Resources */ = {isa = PBXBuildFile; fileRef = 0D8B87032A76179C009FB1AD /* gorilla.mp4 */; };
		0D8B870E2A76179C009FB1AD /* giraffe.mp4 in Resources */ = {isa = PBXBuildFile; fileRef = 0D8B87042A76179C009FB1AD /* giraffe.mp4 */; };
		0D8B870F2A76179C009FB1AD /* ostrich.mp4 in Resources */ = {isa = PBXBuildFile; fileRef = 0D8B87052A76179C009FB1AD /* ostrich.mp4 */; };
		0D8B87152A7617CA009FB1AD /* locations.json in Resources */ = {isa = PBXBuildFile; fileRef = 0D8B87112A7617CA009FB1AD /* locations.json */; };
		0D8B87162A7617CA009FB1AD /* videos.json in Resources */ = {isa = PBXBuildFile; fileRef = 0D8B87122A7617CA009FB1AD /* videos.json */; };
		0D8B87172A7617CA009FB1AD /* covers.json in Resources */ = {isa = PBXBuildFile; fileRef = 0D8B87132A7617CA009FB1AD /* covers.json */; };
		0D8B87182A7617CA009FB1AD /* animals.json in Resources */ = {isa = PBXBuildFile; fileRef = 0D8B87142A7617CA009FB1AD /* animals.json */; };
		0DDB933C2A761B84001719DA /* VideoListView.swift in Sources */ = {isa = PBXBuildFile; fileRef = 0DDB933B2A761B84001719DA /* VideoListView.swift */; };
		0DDB933E2A761B92001719DA /* MapView.swift in Sources */ = {isa = PBXBuildFile; fileRef = 0DDB933D2A761B92001719DA /* MapView.swift */; };
		0DDB93402A761BA6001719DA /* GalleryView.swift in Sources */ = {isa = PBXBuildFile; fileRef = 0DDB933F2A761BA6001719DA /* GalleryView.swift */; };
		0DDB93422A761BBA001719DA /* MainView.swift in Sources */ = {isa = PBXBuildFile; fileRef = 0DDB93412A761BBA001719DA /* MainView.swift */; };
		0DDB93452A76206B001719DA /* CoverImageView.swift in Sources */ = {isa = PBXBuildFile; fileRef = 0DDB93442A76206B001719DA /* CoverImageView.swift */; };
		0DDB93482A76C94E001719DA /* CoverImageModel.swift in Sources */ = {isa = PBXBuildFile; fileRef = 0DDB93472A76C94E001719DA /* CoverImageModel.swift */; };
		0DDB934B2A76CAA0001719DA /* CodableBundleExtension.swift in Sources */ = {isa = PBXBuildFile; fileRef = 0DDB934A2A76CAA0001719DA /* CodableBundleExtension.swift */; };
		0DDB934D2A78287C001719DA /* AnimalListItemView.swift in Sources */ = {isa = PBXBuildFile; fileRef = 0DDB934C2A78287C001719DA /* AnimalListItemView.swift */; };
		0DDB934F2A782A56001719DA /* AnimalModel.swift in Sources */ = {isa = PBXBuildFile; fileRef = 0DDB934E2A782A56001719DA /* AnimalModel.swift */; };
		0DDB93512A7830CE001719DA /* AnimalDetailView.swift in Sources */ = {isa = PBXBuildFile; fileRef = 0DDB93502A7830CE001719DA /* AnimalDetailView.swift */; };
		0DDB93532A783322001719DA /* HeadingView.swift in Sources */ = {isa = PBXBuildFile; fileRef = 0DDB93522A783322001719DA /* HeadingView.swift */; };
		0DDB93552A78349A001719DA /* InsetGalleryView.swift in Sources */ = {isa = PBXBuildFile; fileRef = 0DDB93542A78349A001719DA /* InsetGalleryView.swift */; };
		0DDB93572A78B0B2001719DA /* InsetFactView.swift in Sources */ = {isa = PBXBuildFile; fileRef = 0DDB93562A78B0B2001719DA /* InsetFactView.swift */; };
		0DDB93592A78B4ED001719DA /* InsetMapView.swift in Sources */ = {isa = PBXBuildFile; fileRef = 0DDB93582A78B4ED001719DA /* InsetMapView.swift */; };
		0DDB935B2A78B8C2001719DA /* ExternalWeblinkView.swift in Sources */ = {isa = PBXBuildFile; fileRef = 0DDB935A2A78B8C2001719DA /* ExternalWeblinkView.swift */; };
		0DDB935D2A78CDFC001719DA /* VideoModel.swift in Sources */ = {isa = PBXBuildFile; fileRef = 0DDB935C2A78CDFC001719DA /* VideoModel.swift */; };
		0DDB935F2A78CE94001719DA /* VideoListItemView.swift in Sources */ = {isa = PBXBuildFile; fileRef = 0DDB935E2A78CE94001719DA /* VideoListItemView.swift */; };
		0DDB93612A797616001719DA /* VideoPlayerView.swift in Sources */ = {isa = PBXBuildFile; fileRef = 0DDB93602A797616001719DA /* VideoPlayerView.swift */; };
		0DDB93642A797787001719DA /* VideoPlayerHelper.swift in Sources */ = {isa = PBXBuildFile; fileRef = 0DDB93632A797787001719DA /* VideoPlayerHelper.swift */; };
		0DDB93662A7ABC90001719DA /* LocationModel.swift in Sources */ = {isa = PBXBuildFile; fileRef = 0DDB93652A7ABC90001719DA /* LocationModel.swift */; };
/* End PBXBuildFile section */

/* Begin PBXFileReference section */
		0D8B86EA2A7615CD009FB1AD /* AnimalsPlus.app */ = {isa = PBXFileReference; explicitFileType = wrapper.application; includeInIndex = 0; path = AnimalsPlus.app; sourceTree = BUILT_PRODUCTS_DIR; };
		0D8B86ED2A7615CD009FB1AD /* AnimalsPlusApp.swift */ = {isa = PBXFileReference; lastKnownFileType = sourcecode.swift; path = AnimalsPlusApp.swift; sourceTree = "<group>"; };
		0D8B86EF2A7615CD009FB1AD /* ContentView.swift */ = {isa = PBXFileReference; lastKnownFileType = sourcecode.swift; path = ContentView.swift; sourceTree = "<group>"; };
		0D8B86F12A7615CE009FB1AD /* Assets.xcassets */ = {isa = PBXFileReference; lastKnownFileType = folder.assetcatalog; path = Assets.xcassets; sourceTree = "<group>"; };
		0D8B86F42A7615CE009FB1AD /* Preview Assets.xcassets */ = {isa = PBXFileReference; lastKnownFileType = folder.assetcatalog; path = "Preview Assets.xcassets"; sourceTree = "<group>"; };
		0D8B86FC2A76179C009FB1AD /* rhino.mp4 */ = {isa = PBXFileReference; lastKnownFileType = file; path = rhino.mp4; sourceTree = "<group>"; };
		0D8B86FD2A76179C009FB1AD /* cheetah.mp4 */ = {isa = PBXFileReference; lastKnownFileType = file; path = cheetah.mp4; sourceTree = "<group>"; };
		0D8B86FE2A76179C009FB1AD /* lion.mp4 */ = {isa = PBXFileReference; lastKnownFileType = file; path = lion.mp4; sourceTree = "<group>"; };
		0D8B86FF2A76179C009FB1AD /* elephant.mp4 */ = {isa = PBXFileReference; lastKnownFileType = file; path = elephant.mp4; sourceTree = "<group>"; };
		0D8B87002A76179C009FB1AD /* hippo.mp4 */ = {isa = PBXFileReference; lastKnownFileType = file; path = hippo.mp4; sourceTree = "<group>"; };
		0D8B87012A76179C009FB1AD /* lioness.mp4 */ = {isa = PBXFileReference; lastKnownFileType = file; path = lioness.mp4; sourceTree = "<group>"; };
		0D8B87022A76179C009FB1AD /* zebra.mp4 */ = {isa = PBXFileReference; lastKnownFileType = file; path = zebra.mp4; sourceTree = "<group>"; };
		0D8B87032A76179C009FB1AD /* gorilla.mp4 */ = {isa = PBXFileReference; lastKnownFileType = file; path = gorilla.mp4; sourceTree = "<group>"; };
		0D8B87042A76179C009FB1AD /* giraffe.mp4 */ = {isa = PBXFileReference; lastKnownFileType = file; path = giraffe.mp4; sourceTree = "<group>"; };
		0D8B87052A76179C009FB1AD /* ostrich.mp4 */ = {isa = PBXFileReference; lastKnownFileType = file; path = ostrich.mp4; sourceTree = "<group>"; };
		0D8B87112A7617CA009FB1AD /* locations.json */ = {isa = PBXFileReference; fileEncoding = 4; lastKnownFileType = text.json; path = locations.json; sourceTree = "<group>"; };
		0D8B87122A7617CA009FB1AD /* videos.json */ = {isa = PBXFileReference; fileEncoding = 4; lastKnownFileType = text.json; path = videos.json; sourceTree = "<group>"; };
		0D8B87132A7617CA009FB1AD /* covers.json */ = {isa = PBXFileReference; fileEncoding = 4; lastKnownFileType = text.json; path = covers.json; sourceTree = "<group>"; };
		0D8B87142A7617CA009FB1AD /* animals.json */ = {isa = PBXFileReference; fileEncoding = 4; lastKnownFileType = text.json; path = animals.json; sourceTree = "<group>"; };
		0D8B87192A761924009FB1AD /* Info.plist */ = {isa = PBXFileReference; lastKnownFileType = text.plist; path = Info.plist; sourceTree = "<group>"; };
		0DDB933B2A761B84001719DA /* VideoListView.swift */ = {isa = PBXFileReference; lastKnownFileType = sourcecode.swift; path = VideoListView.swift; sourceTree = "<group>"; };
		0DDB933D2A761B92001719DA /* MapView.swift */ = {isa = PBXFileReference; lastKnownFileType = sourcecode.swift; path = MapView.swift; sourceTree = "<group>"; };
		0DDB933F2A761BA6001719DA /* GalleryView.swift */ = {isa = PBXFileReference; lastKnownFileType = sourcecode.swift; path = GalleryView.swift; sourceTree = "<group>"; };
		0DDB93412A761BBA001719DA /* MainView.swift */ = {isa = PBXFileReference; lastKnownFileType = sourcecode.swift; path = MainView.swift; sourceTree = "<group>"; };
		0DDB93442A76206B001719DA /* CoverImageView.swift */ = {isa = PBXFileReference; lastKnownFileType = sourcecode.swift; path = CoverImageView.swift; sourceTree = "<group>"; };
		0DDB93472A76C94E001719DA /* CoverImageModel.swift */ = {isa = PBXFileReference; lastKnownFileType = sourcecode.swift; path = CoverImageModel.swift; sourceTree = "<group>"; };
		0DDB934A2A76CAA0001719DA /* CodableBundleExtension.swift */ = {isa = PBXFileReference; lastKnownFileType = sourcecode.swift; path = CodableBundleExtension.swift; sourceTree = "<group>"; };
		0DDB934C2A78287C001719DA /* AnimalListItemView.swift */ = {isa = PBXFileReference; lastKnownFileType = sourcecode.swift; path = AnimalListItemView.swift; sourceTree = "<group>"; };
		0DDB934E2A782A56001719DA /* AnimalModel.swift */ = {isa = PBXFileReference; lastKnownFileType = sourcecode.swift; path = AnimalModel.swift; sourceTree = "<group>"; };
		0DDB93502A7830CE001719DA /* AnimalDetailView.swift */ = {isa = PBXFileReference; lastKnownFileType = sourcecode.swift; path = AnimalDetailView.swift; sourceTree = "<group>"; };
		0DDB93522A783322001719DA /* HeadingView.swift */ = {isa = PBXFileReference; lastKnownFileType = sourcecode.swift; path = HeadingView.swift; sourceTree = "<group>"; };
		0DDB93542A78349A001719DA /* InsetGalleryView.swift */ = {isa = PBXFileReference; lastKnownFileType = sourcecode.swift; path = InsetGalleryView.swift; sourceTree = "<group>"; };
		0DDB93562A78B0B2001719DA /* InsetFactView.swift */ = {isa = PBXFileReference; lastKnownFileType = sourcecode.swift; path = InsetFactView.swift; sourceTree = "<group>"; };
		0DDB93582A78B4ED001719DA /* InsetMapView.swift */ = {isa = PBXFileReference; lastKnownFileType = sourcecode.swift; path = InsetMapView.swift; sourceTree = "<group>"; };
		0DDB935A2A78B8C2001719DA /* ExternalWeblinkView.swift */ = {isa = PBXFileReference; lastKnownFileType = sourcecode.swift; path = ExternalWeblinkView.swift; sourceTree = "<group>"; };
		0DDB935C2A78CDFC001719DA /* VideoModel.swift */ = {isa = PBXFileReference; lastKnownFileType = sourcecode.swift; path = VideoModel.swift; sourceTree = "<group>"; };
		0DDB935E2A78CE94001719DA /* VideoListItemView.swift */ = {isa = PBXFileReference; lastKnownFileType = sourcecode.swift; path = VideoListItemView.swift; sourceTree = "<group>"; };
		0DDB93602A797616001719DA /* VideoPlayerView.swift */ = {isa = PBXFileReference; lastKnownFileType = sourcecode.swift; path = VideoPlayerView.swift; sourceTree = "<group>"; };
		0DDB93632A797787001719DA /* VideoPlayerHelper.swift */ = {isa = PBXFileReference; lastKnownFileType = sourcecode.swift; path = VideoPlayerHelper.swift; sourceTree = "<group>"; };
		0DDB93652A7ABC90001719DA /* LocationModel.swift */ = {isa = PBXFileReference; lastKnownFileType = sourcecode.swift; path = LocationModel.swift; sourceTree = "<group>"; };
/* End PBXFileReference section */

/* Begin PBXFrameworksBuildPhase section */
		0D8B86E72A7615CD009FB1AD /* Frameworks */ = {
			isa = PBXFrameworksBuildPhase;
			buildActionMask = 2147483647;
			files = (
			);
			runOnlyForDeploymentPostprocessing = 0;
		};
/* End PBXFrameworksBuildPhase section */

/* Begin PBXGroup section */
		0D8B86E12A7615CD009FB1AD = {
			isa = PBXGroup;
			children = (
				0D8B86EC2A7615CD009FB1AD /* AnimalsPlus */,
				0D8B86EB2A7615CD009FB1AD /* Products */,
			);
			sourceTree = "<group>";
		};
		0D8B86EB2A7615CD009FB1AD /* Products */ = {
			isa = PBXGroup;
			children = (
				0D8B86EA2A7615CD009FB1AD /* AnimalsPlus.app */,
			);
			name = Products;
			sourceTree = "<group>";
		};
		0D8B86EC2A7615CD009FB1AD /* AnimalsPlus */ = {
			isa = PBXGroup;
			children = (
				0DDB93622A79776F001719DA /* Helper */,
				0DDB93492A76CA8A001719DA /* Extension */,
				0DDB93462A76C938001719DA /* Model */,
				0DDB93432A76202D001719DA /* View */,
				0D8B871A2A761A24009FB1AD /* App */,
				0D8B87102A7617B3009FB1AD /* Data */,
				0D8B86FB2A761765009FB1AD /* Video */,
				0D8B86F12A7615CE009FB1AD /* Assets.xcassets */,
				0D8B87192A761924009FB1AD /* Info.plist */,
				0D8B86F32A7615CE009FB1AD /* Preview Content */,
			);
			path = AnimalsPlus;
			sourceTree = "<group>";
		};
		0D8B86F32A7615CE009FB1AD /* Preview Content */ = {
			isa = PBXGroup;
			children = (
				0D8B86F42A7615CE009FB1AD /* Preview Assets.xcassets */,
			);
			path = "Preview Content";
			sourceTree = "<group>";
		};
		0D8B86FB2A761765009FB1AD /* Video */ = {
			isa = PBXGroup;
			children = (
				0D8B86FD2A76179C009FB1AD /* cheetah.mp4 */,
				0D8B86FF2A76179C009FB1AD /* elephant.mp4 */,
				0D8B87042A76179C009FB1AD /* giraffe.mp4 */,
				0D8B87032A76179C009FB1AD /* gorilla.mp4 */,
				0D8B87002A76179C009FB1AD /* hippo.mp4 */,
				0D8B86FE2A76179C009FB1AD /* lion.mp4 */,
				0D8B87012A76179C009FB1AD /* lioness.mp4 */,
				0D8B87052A76179C009FB1AD /* ostrich.mp4 */,
				0D8B86FC2A76179C009FB1AD /* rhino.mp4 */,
				0D8B87022A76179C009FB1AD /* zebra.mp4 */,
			);
			path = Video;
			sourceTree = "<group>";
		};
		0D8B87102A7617B3009FB1AD /* Data */ = {
			isa = PBXGroup;
			children = (
				0D8B87142A7617CA009FB1AD /* animals.json */,
				0D8B87132A7617CA009FB1AD /* covers.json */,
				0D8B87112A7617CA009FB1AD /* locations.json */,
				0D8B87122A7617CA009FB1AD /* videos.json */,
			);
			path = Data;
			sourceTree = "<group>";
		};
		0D8B871A2A761A24009FB1AD /* App */ = {
			isa = PBXGroup;
			children = (
				0D8B86ED2A7615CD009FB1AD /* AnimalsPlusApp.swift */,
				0D8B86EF2A7615CD009FB1AD /* ContentView.swift */,
				0DDB933B2A761B84001719DA /* VideoListView.swift */,
				0DDB933D2A761B92001719DA /* MapView.swift */,
				0DDB933F2A761BA6001719DA /* GalleryView.swift */,
				0DDB93412A761BBA001719DA /* MainView.swift */,
			);
			path = App;
			sourceTree = "<group>";
		};
		0DDB93432A76202D001719DA /* View */ = {
			isa = PBXGroup;
			children = (
				0DDB93442A76206B001719DA /* CoverImageView.swift */,
				0DDB934C2A78287C001719DA /* AnimalListItemView.swift */,
				0DDB93502A7830CE001719DA /* AnimalDetailView.swift */,
				0DDB93522A783322001719DA /* HeadingView.swift */,
				0DDB93542A78349A001719DA /* InsetGalleryView.swift */,
				0DDB93562A78B0B2001719DA /* InsetFactView.swift */,
				0DDB93582A78B4ED001719DA /* InsetMapView.swift */,
				0DDB935A2A78B8C2001719DA /* ExternalWeblinkView.swift */,
				0DDB935E2A78CE94001719DA /* VideoListItemView.swift */,
				0DDB93602A797616001719DA /* VideoPlayerView.swift */,
			);
			path = View;
			sourceTree = "<group>";
		};
		0DDB93462A76C938001719DA /* Model */ = {
			isa = PBXGroup;
			children = (
				0DDB93472A76C94E001719DA /* CoverImageModel.swift */,
				0DDB934E2A782A56001719DA /* AnimalModel.swift */,
				0DDB935C2A78CDFC001719DA /* VideoModel.swift */,
				0DDB93652A7ABC90001719DA /* LocationModel.swift */,
			);
			path = Model;
			sourceTree = "<group>";
		};
		0DDB93492A76CA8A001719DA /* Extension */ = {
			isa = PBXGroup;
			children = (
				0DDB934A2A76CAA0001719DA /* CodableBundleExtension.swift */,
			);
			path = Extension;
			sourceTree = "<group>";
		};
		0DDB93622A79776F001719DA /* Helper */ = {
			isa = PBXGroup;
			children = (
				0DDB93632A797787001719DA /* VideoPlayerHelper.swift */,
			);
			path = Helper;
			sourceTree = "<group>";
		};
/* End PBXGroup section */

/* Begin PBXNativeTarget section */
		0D8B86E92A7615CD009FB1AD /* AnimalsPlus */ = {
			isa = PBXNativeTarget;
			buildConfigurationList = 0D8B86F82A7615CE009FB1AD /* Build configuration list for PBXNativeTarget "AnimalsPlus" */;
			buildPhases = (
				0D8B86E62A7615CD009FB1AD /* Sources */,
				0D8B86E72A7615CD009FB1AD /* Frameworks */,
				0D8B86E82A7615CD009FB1AD /* Resources */,
			);
			buildRules = (
			);
			dependencies = (
			);
			name = AnimalsPlus;
			productName = AnimalsPlus;
			productReference = 0D8B86EA2A7615CD009FB1AD /* AnimalsPlus.app */;
			productType = "com.apple.product-type.application";
		};
/* End PBXNativeTarget section */

/* Begin PBXProject section */
		0D8B86E22A7615CD009FB1AD /* Project object */ = {
			isa = PBXProject;
			attributes = {
				BuildIndependentTargetsInParallel = 1;
				LastSwiftUpdateCheck = 1430;
				LastUpgradeCheck = 1430;
				TargetAttributes = {
					0D8B86E92A7615CD009FB1AD = {
						CreatedOnToolsVersion = 14.3.1;
					};
				};
			};
			buildConfigurationList = 0D8B86E52A7615CD009FB1AD /* Build configuration list for PBXProject "AnimalsPlus" */;
			compatibilityVersion = "Xcode 14.0";
			developmentRegion = en;
			hasScannedForEncodings = 0;
			knownRegions = (
				en,
				Base,
			);
			mainGroup = 0D8B86E12A7615CD009FB1AD;
			productRefGroup = 0D8B86EB2A7615CD009FB1AD /* Products */;
			projectDirPath = "";
			projectRoot = "";
			targets = (
				0D8B86E92A7615CD009FB1AD /* AnimalsPlus */,
			);
		};
/* End PBXProject section */

/* Begin PBXResourcesBuildPhase section */
		0D8B86E82A7615CD009FB1AD /* Resources */ = {
			isa = PBXResourcesBuildPhase;
			buildActionMask = 2147483647;
			files = (
				0D8B87152A7617CA009FB1AD /* locations.json in Resources */,
				0D8B87072A76179C009FB1AD /* cheetah.mp4 in Resources */,
				0D8B87062A76179C009FB1AD /* rhino.mp4 in Resources */,
				0D8B87162A7617CA009FB1AD /* videos.json in Resources */,
				0D8B870D2A76179C009FB1AD /* gorilla.mp4 in Resources */,
				0D8B870A2A76179C009FB1AD /* hippo.mp4 in Resources */,
				0D8B87092A76179C009FB1AD /* elephant.mp4 in Resources */,
				0D8B86F52A7615CE009FB1AD /* Preview Assets.xcassets in Resources */,
				0D8B870F2A76179C009FB1AD /* ostrich.mp4 in Resources */,
				0D8B87182A7617CA009FB1AD /* animals.json in Resources */,
				0D8B870E2A76179C009FB1AD /* giraffe.mp4 in Resources */,
				0D8B87172A7617CA009FB1AD /* covers.json in Resources */,
				0D8B87082A76179C009FB1AD /* lion.mp4 in Resources */,
				0D8B86F22A7615CE009FB1AD /* Assets.xcassets in Resources */,
				0D8B870C2A76179C009FB1AD /* zebra.mp4 in Resources */,
				0D8B870B2A76179C009FB1AD /* lioness.mp4 in Resources */,
			);
			runOnlyForDeploymentPostprocessing = 0;
		};
/* End PBXResourcesBuildPhase section */

/* Begin PBXSourcesBuildPhase section */
		0D8B86E62A7615CD009FB1AD /* Sources */ = {
			isa = PBXSourcesBuildPhase;
			buildActionMask = 2147483647;
			files = (
				0DDB935B2A78B8C2001719DA /* ExternalWeblinkView.swift in Sources */,
				0D8B86F02A7615CD009FB1AD /* ContentView.swift in Sources */,
				0DDB934D2A78287C001719DA /* AnimalListItemView.swift in Sources */,
				0DDB93422A761BBA001719DA /* MainView.swift in Sources */,
				0DDB93572A78B0B2001719DA /* InsetFactView.swift in Sources */,
				0DDB93452A76206B001719DA /* CoverImageView.swift in Sources */,
				0DDB93482A76C94E001719DA /* CoverImageModel.swift in Sources */,
				0DDB93512A7830CE001719DA /* AnimalDetailView.swift in Sources */,
				0DDB934F2A782A56001719DA /* AnimalModel.swift in Sources */,
				0DDB933E2A761B92001719DA /* MapView.swift in Sources */,
				0DDB93642A797787001719DA /* VideoPlayerHelper.swift in Sources */,
				0DDB93592A78B4ED001719DA /* InsetMapView.swift in Sources */,
				0D8B86EE2A7615CD009FB1AD /* AnimalsPlusApp.swift in Sources */,
				0DDB933C2A761B84001719DA /* VideoListView.swift in Sources */,
				0DDB935D2A78CDFC001719DA /* VideoModel.swift in Sources */,
				0DDB93402A761BA6001719DA /* GalleryView.swift in Sources */,
				0DDB93662A7ABC90001719DA /* LocationModel.swift in Sources */,
				0DDB93552A78349A001719DA /* InsetGalleryView.swift in Sources */,
				0DDB935F2A78CE94001719DA /* VideoListItemView.swift in Sources */,
				0DDB934B2A76CAA0001719DA /* CodableBundleExtension.swift in Sources */,
				0DDB93532A783322001719DA /* HeadingView.swift in Sources */,
				0DDB93612A797616001719DA /* VideoPlayerView.swift in Sources */,
			);
			runOnlyForDeploymentPostprocessing = 0;
		};
/* End PBXSourcesBuildPhase section */

/* Begin XCBuildConfiguration section */
		0D8B86F62A7615CE009FB1AD /* Debug */ = {
			isa = XCBuildConfiguration;
			buildSettings = {
				ALWAYS_SEARCH_USER_PATHS = NO;
				CLANG_ANALYZER_NONNULL = YES;
				CLANG_ANALYZER_NUMBER_OBJECT_CONVERSION = YES_AGGRESSIVE;
				CLANG_CXX_LANGUAGE_STANDARD = "gnu++20";
				CLANG_ENABLE_MODULES = YES;
				CLANG_ENABLE_OBJC_ARC = YES;
				CLANG_ENABLE_OBJC_WEAK = YES;
				CLANG_WARN_BLOCK_CAPTURE_AUTORELEASING = YES;
				CLANG_WARN_BOOL_CONVERSION = YES;
				CLANG_WARN_COMMA = YES;
				CLANG_WARN_CONSTANT_CONVERSION = YES;
				CLANG_WARN_DEPRECATED_OBJC_IMPLEMENTATIONS = YES;
				CLANG_WARN_DIRECT_OBJC_ISA_USAGE = YES_ERROR;
				CLANG_WARN_DOCUMENTATION_COMMENTS = YES;
				CLANG_WARN_EMPTY_BODY = YES;
				CLANG_WARN_ENUM_CONVERSION = YES;
				CLANG_WARN_INFINITE_RECURSION = YES;
				CLANG_WARN_INT_CONVERSION = YES;
				CLANG_WARN_NON_LITERAL_NULL_CONVERSION = YES;
				CLANG_WARN_OBJC_IMPLICIT_RETAIN_SELF = YES;
				CLANG_WARN_OBJC_LITERAL_CONVERSION = YES;
				CLANG_WARN_OBJC_ROOT_CLASS = YES_ERROR;
				CLANG_WARN_QUOTED_INCLUDE_IN_FRAMEWORK_HEADER = YES;
				CLANG_WARN_RANGE_LOOP_ANALYSIS = YES;
				CLANG_WARN_STRICT_PROTOTYPES = YES;
				CLANG_WARN_SUSPICIOUS_MOVE = YES;
				CLANG_WARN_UNGUARDED_AVAILABILITY = YES_AGGRESSIVE;
				CLANG_WARN_UNREACHABLE_CODE = YES;
				CLANG_WARN__DUPLICATE_METHOD_MATCH = YES;
				COPY_PHASE_STRIP = NO;
				DEBUG_INFORMATION_FORMAT = dwarf;
				ENABLE_STRICT_OBJC_MSGSEND = YES;
				ENABLE_TESTABILITY = YES;
				GCC_C_LANGUAGE_STANDARD = gnu11;
				GCC_DYNAMIC_NO_PIC = NO;
				GCC_NO_COMMON_BLOCKS = YES;
				GCC_OPTIMIZATION_LEVEL = 0;
				GCC_PREPROCESSOR_DEFINITIONS = (
					"DEBUG=1",
					"$(inherited)",
				);
				GCC_WARN_64_TO_32_BIT_CONVERSION = YES;
				GCC_WARN_ABOUT_RETURN_TYPE = YES_ERROR;
				GCC_WARN_UNDECLARED_SELECTOR = YES;
				GCC_WARN_UNINITIALIZED_AUTOS = YES_AGGRESSIVE;
				GCC_WARN_UNUSED_FUNCTION = YES;
				GCC_WARN_UNUSED_VARIABLE = YES;
				IPHONEOS_DEPLOYMENT_TARGET = 16.4;
				MTL_ENABLE_DEBUG_INFO = INCLUDE_SOURCE;
				MTL_FAST_MATH = YES;
				ONLY_ACTIVE_ARCH = YES;
				SDKROOT = iphoneos;
				SWIFT_ACTIVE_COMPILATION_CONDITIONS = DEBUG;
				SWIFT_OPTIMIZATION_LEVEL = "-Onone";
			};
			name = Debug;
		};
		0D8B86F72A7615CE009FB1AD /* Release */ = {
			isa = XCBuildConfiguration;
			buildSettings = {
				ALWAYS_SEARCH_USER_PATHS = NO;
				CLANG_ANALYZER_NONNULL = YES;
				CLANG_ANALYZER_NUMBER_OBJECT_CONVERSION = YES_AGGRESSIVE;
				CLANG_CXX_LANGUAGE_STANDARD = "gnu++20";
				CLANG_ENABLE_MODULES = YES;
				CLANG_ENABLE_OBJC_ARC = YES;
				CLANG_ENABLE_OBJC_WEAK = YES;
				CLANG_WARN_BLOCK_CAPTURE_AUTORELEASING = YES;
				CLANG_WARN_BOOL_CONVERSION = YES;
				CLANG_WARN_COMMA = YES;
				CLANG_WARN_CONSTANT_CONVERSION = YES;
				CLANG_WARN_DEPRECATED_OBJC_IMPLEMENTATIONS = YES;
				CLANG_WARN_DIRECT_OBJC_ISA_USAGE = YES_ERROR;
				CLANG_WARN_DOCUMENTATION_COMMENTS = YES;
				CLANG_WARN_EMPTY_BODY = YES;
				CLANG_WARN_ENUM_CONVERSION = YES;
				CLANG_WARN_INFINITE_RECURSION = YES;
				CLANG_WARN_INT_CONVERSION = YES;
				CLANG_WARN_NON_LITERAL_NULL_CONVERSION = YES;
				CLANG_WARN_OBJC_IMPLICIT_RETAIN_SELF = YES;
				CLANG_WARN_OBJC_LITERAL_CONVERSION = YES;
				CLANG_WARN_OBJC_ROOT_CLASS = YES_ERROR;
				CLANG_WARN_QUOTED_INCLUDE_IN_FRAMEWORK_HEADER = YES;
				CLANG_WARN_RANGE_LOOP_ANALYSIS = YES;
				CLANG_WARN_STRICT_PROTOTYPES = YES;
				CLANG_WARN_SUSPICIOUS_MOVE = YES;
				CLANG_WARN_UNGUARDED_AVAILABILITY = YES_AGGRESSIVE;
				CLANG_WARN_UNREACHABLE_CODE = YES;
				CLANG_WARN__DUPLICATE_METHOD_MATCH = YES;
				COPY_PHASE_STRIP = NO;
				DEBUG_INFORMATION_FORMAT = "dwarf-with-dsym";
				ENABLE_NS_ASSERTIONS = NO;
				ENABLE_STRICT_OBJC_MSGSEND = YES;
				GCC_C_LANGUAGE_STANDARD = gnu11;
				GCC_NO_COMMON_BLOCKS = YES;
				GCC_WARN_64_TO_32_BIT_CONVERSION = YES;
				GCC_WARN_ABOUT_RETURN_TYPE = YES_ERROR;
				GCC_WARN_UNDECLARED_SELECTOR = YES;
				GCC_WARN_UNINITIALIZED_AUTOS = YES_AGGRESSIVE;
				GCC_WARN_UNUSED_FUNCTION = YES;
				GCC_WARN_UNUSED_VARIABLE = YES;
				IPHONEOS_DEPLOYMENT_TARGET = 16.4;
				MTL_ENABLE_DEBUG_INFO = NO;
				MTL_FAST_MATH = YES;
				SDKROOT = iphoneos;
				SWIFT_COMPILATION_MODE = wholemodule;
				SWIFT_OPTIMIZATION_LEVEL = "-O";
				VALIDATE_PRODUCT = YES;
			};
			name = Release;
		};
		0D8B86F92A7615CE009FB1AD /* Debug */ = {
			isa = XCBuildConfiguration;
			buildSettings = {
				ASSETCATALOG_COMPILER_APPICON_NAME = AppIcon;
				ASSETCATALOG_COMPILER_GLOBAL_ACCENT_COLOR_NAME = AccentColor;
				CODE_SIGN_STYLE = Automatic;
				CURRENT_PROJECT_VERSION = 1;
				DEVELOPMENT_ASSET_PATHS = "\"AnimalsPlus/Preview Content\"";
				DEVELOPMENT_TEAM = S3646888C2;
				ENABLE_PREVIEWS = YES;
				GENERATE_INFOPLIST_FILE = YES;
				INFOPLIST_FILE = AnimalsPlus/Info.plist;
				INFOPLIST_KEY_UIApplicationSceneManifest_Generation = YES;
				INFOPLIST_KEY_UIApplicationSupportsIndirectInputEvents = YES;
				INFOPLIST_KEY_UISupportedInterfaceOrientations_iPad = "UIInterfaceOrientationPortrait UIInterfaceOrientationPortraitUpsideDown UIInterfaceOrientationLandscapeLeft UIInterfaceOrientationLandscapeRight";
				INFOPLIST_KEY_UISupportedInterfaceOrientations_iPhone = "UIInterfaceOrientationPortrait UIInterfaceOrientationLandscapeLeft UIInterfaceOrientationLandscapeRight";
				INFOPLIST_KEY_UIUserInterfaceStyle = Dark;
				LD_RUNPATH_SEARCH_PATHS = (
					"$(inherited)",
					"@executable_path/Frameworks",
				);
				MARKETING_VERSION = 1.0;
				PRODUCT_BUNDLE_IDENTIFIER = abilgin02.AnimalsPlus;
				PRODUCT_NAME = "$(TARGET_NAME)";
				SWIFT_EMIT_LOC_STRINGS = YES;
				SWIFT_VERSION = 5.0;
				TARGETED_DEVICE_FAMILY = "1,2";
			};
			name = Debug;
		};
		0D8B86FA2A7615CE009FB1AD /* Release */ = {
			isa = XCBuildConfiguration;
			buildSettings = {
				ASSETCATALOG_COMPILER_APPICON_NAME = AppIcon;
				ASSETCATALOG_COMPILER_GLOBAL_ACCENT_COLOR_NAME = AccentColor;
				CODE_SIGN_STYLE = Automatic;
				CURRENT_PROJECT_VERSION = 1;
				DEVELOPMENT_ASSET_PATHS = "\"AnimalsPlus/Preview Content\"";
				DEVELOPMENT_TEAM = S3646888C2;
				ENABLE_PREVIEWS = YES;
				GENERATE_INFOPLIST_FILE = YES;
				INFOPLIST_FILE = AnimalsPlus/Info.plist;
				INFOPLIST_KEY_UIApplicationSceneManifest_Generation = YES;
				INFOPLIST_KEY_UIApplicationSupportsIndirectInputEvents = YES;
				INFOPLIST_KEY_UISupportedInterfaceOrientations_iPad = "UIInterfaceOrientationPortrait UIInterfaceOrientationPortraitUpsideDown UIInterfaceOrientationLandscapeLeft UIInterfaceOrientationLandscapeRight";
				INFOPLIST_KEY_UISupportedInterfaceOrientations_iPhone = "UIInterfaceOrientationPortrait UIInterfaceOrientationLandscapeLeft UIInterfaceOrientationLandscapeRight";
				INFOPLIST_KEY_UIUserInterfaceStyle = Dark;
				LD_RUNPATH_SEARCH_PATHS = (
					"$(inherited)",
					"@executable_path/Frameworks",
				);
				MARKETING_VERSION = 1.0;
				PRODUCT_BUNDLE_IDENTIFIER = abilgin02.AnimalsPlus;
				PRODUCT_NAME = "$(TARGET_NAME)";
				SWIFT_EMIT_LOC_STRINGS = YES;
				SWIFT_VERSION = 5.0;
				TARGETED_DEVICE_FAMILY = "1,2";
			};
			name = Release;
		};
/* End XCBuildConfiguration section */

/* Begin XCConfigurationList section */
		0D8B86E52A7615CD009FB1AD /* Build configuration list for PBXProject "AnimalsPlus" */ = {
			isa = XCConfigurationList;
			buildConfigurations = (
				0D8B86F62A7615CE009FB1AD /* Debug */,
				0D8B86F72A7615CE009FB1AD /* Release */,
			);
			defaultConfigurationIsVisible = 0;
			defaultConfigurationName = Release;
		};
		0D8B86F82A7615CE009FB1AD /* Build configuration list for PBXNativeTarget "AnimalsPlus" */ = {
			isa = XCConfigurationList;
			buildConfigurations = (
				0D8B86F92A7615CE009FB1AD /* Debug */,
				0D8B86FA2A7615CE009FB1AD /* Release */,
			);
			defaultConfigurationIsVisible = 0;
			defaultConfigurationName = Release;
		};
/* End XCConfigurationList section */
	};
	rootObject = 0D8B86E22A7615CD009FB1AD /* Project object */;
}
